# This file is automatically @generated by Cargo.
# It is not intended for manual editing.
version = 4

[[package]]
name = "kessari-consensus"
version = "0.1.0"
dependencies = [
 "kessari-core",
]

[[package]]
name = "kessari-core"
version = "0.1.0"

[[package]]
name = "kessari-crypto"
version = "0.1.0"

[[package]]
name = "kessari-network"
version = "0.1.0"
dependencies = [
 "kessari-core",
]

[[package]]
name = "kessari-rpc"
version = "0.1.0"
dependencies = [
 "kessari-core",
]

[[package]]
name = "kessari-storage"
version = "0.1.0"
dependencies = [
 "kessari-core",
]

[[package]]
name = "node"
version = "0.1.0"
dependencies = [
 "kessari-consensus",
 "kessari-core",
 "kessari-crypto",
 "kessari-network",
 "kessari-rpc",
 "kessari-storage",
]
